// !$*UTF8*$!
{
	archiveVersion = 1;
	classes = {
	};
	objectVersion = 50;
	objects = {

/* Begin PBXBuildFile section */
		37B52B6F24D1D3C90073ECEC /* AppDelegate.swift in Sources */ = {isa = PBXBuildFile; fileRef = 37B52B6E24D1D3C90073ECEC /* AppDelegate.swift */; };
		37B52B7124D1D3C90073ECEC /* SceneDelegate.swift in Sources */ = {isa = PBXBuildFile; fileRef = 37B52B7024D1D3C90073ECEC /* SceneDelegate.swift */; };
		37B52B7324D1D3C90073ECEC /* ViewController.swift in Sources */ = {isa = PBXBuildFile; fileRef = 37B52B7224D1D3C90073ECEC /* ViewController.swift */; };
		37B52B7624D1D3C90073ECEC /* Main.storyboard in Resources */ = {isa = PBXBuildFile; fileRef = 37B52B7424D1D3C90073ECEC /* Main.storyboard */; };
		37B52B7824D1D3CB0073ECEC /* Assets.xcassets in Resources */ = {isa = PBXBuildFile; fileRef = 37B52B7724D1D3CB0073ECEC /* Assets.xcassets */; };
		37B52B7B24D1D3CB0073ECEC /* LaunchScreen.storyboard in Resources */ = {isa = PBXBuildFile; fileRef = 37B52B7924D1D3CB0073ECEC /* LaunchScreen.storyboard */; };
/* End PBXBuildFile section */

/* Begin PBXFileReference section */
		37B52B6B24D1D3C90073ECEC /* PizzaFinderChallenge.app */ = {isa = PBXFileReference; explicitFileType = wrapper.application; includeInIndex = 0; path = PizzaFinderChallenge.app; sourceTree = BUILT_PRODUCTS_DIR; };
		37B52B6E24D1D3C90073ECEC /* AppDelegate.swift */ = {isa = PBXFileReference; lastKnownFileType = sourcecode.swift; path = AppDelegate.swift; sourceTree = "<group>"; };
		37B52B7024D1D3C90073ECEC /* SceneDelegate.swift */ = {isa = PBXFileReference; lastKnownFileType = sourcecode.swift; path = SceneDelegate.swift; sourceTree = "<group>"; };
		37B52B7224D1D3C90073ECEC /* ViewController.swift */ = {isa = PBXFileReference; lastKnownFileType = sourcecode.swift; path = ViewController.swift; sourceTree = "<group>"; };
		37B52B7524D1D3C90073ECEC /* Base */ = {isa = PBXFileReference; lastKnownFileType = file.storyboard; name = Base; path = Base.lproj/Main.storyboard; sourceTree = "<group>"; };
		37B52B7724D1D3CB0073ECEC /* Assets.xcassets */ = {isa = PBXFileReference; lastKnownFileType = folder.assetcatalog; path = Assets.xcassets; sourceTree = "<group>"; };
		37B52B7A24D1D3CB0073ECEC /* Base */ = {isa = PBXFileReference; lastKnownFileType = file.storyboard; name = Base; path = Base.lproj/LaunchScreen.storyboard; sourceTree = "<group>"; };
		37B52B7C24D1D3CB0073ECEC /* Info.plist */ = {isa = PBXFileReference; lastKnownFileType = text.plist.xml; path = Info.plist; sourceTree = "<group>"; };
/* End PBXFileReference section */

/* Begin PBXFrameworksBuildPhase section */
		37B52B6824D1D3C90073ECEC /* Frameworks */ = {
			isa = PBXFrameworksBuildPhase;
			buildActionMask = 2147483647;
			files = (
			);
			runOnlyForDeploymentPostprocessing = 0;
		};
/* End PBXFrameworksBuildPhase section */

/* Begin PBXGroup section */
		37B52B6224D1D3C90073ECEC = {
			isa = PBXGroup;
			children = (
				37B52B6D24D1D3C90073ECEC /* PizzaFinderChallenge */,
				37B52B6C24D1D3C90073ECEC /* Products */,
			);
			sourceTree = "<group>";
		};
		37B52B6C24D1D3C90073ECEC /* Products */ = {
			isa = PBXGroup;
			children = (
				37B52B6B24D1D3C90073ECEC /* PizzaFinderChallenge.app */,
			);
			name = Products;
			sourceTree = "<group>";
		};
		37B52B6D24D1D3C90073ECEC /* PizzaFinderChallenge */ = {
			isa = PBXGroup;
			children = (
				37B52B6E24D1D3C90073ECEC /* AppDelegate.swift */,
				37B52B7024D1D3C90073ECEC /* SceneDelegate.swift */,
				37B52B7224D1D3C90073ECEC /* ViewController.swift */,
				37B52B7424D1D3C90073ECEC /* Main.storyboard */,
				37B52B7724D1D3CB0073ECEC /* Assets.xcassets */,
				37B52B7924D1D3CB0073ECEC /* LaunchScreen.storyboard */,
				37B52B7C24D1D3CB0073ECEC /* Info.plist */,
			);
			path = PizzaFinderChallenge;
			sourceTree = "<group>";
		};
/* End PBXGroup section */

/* Begin PBXNativeTarget section */
		37B52B6A24D1D3C90073ECEC /* PizzaFinderChallenge */ = {
			isa = PBXNativeTarget;
			buildConfigurationList = 37B52B7F24D1D3CB0073ECEC /* Build configuration list for PBXNativeTarget "PizzaFinderChallenge" */;
			buildPhases = (
				37B52B6724D1D3C90073ECEC /* Sources */,
				37B52B6824D1D3C90073ECEC /* Frameworks */,
				37B52B6924D1D3C90073ECEC /* Resources */,
			);
			buildRules = (
			);
			dependencies = (
			);
			name = PizzaFinderChallenge;
			productName = PizzaFinderChallenge;
			productReference = 37B52B6B24D1D3C90073ECEC /* PizzaFinderChallenge.app */;
			productType = "com.apple.product-type.application";
		};
/* End PBXNativeTarget section */

/* Begin PBXProject section */
		37B52B6324D1D3C90073ECEC /* Project object */ = {
			isa = PBXProject;
			attributes = {
				LastSwiftUpdateCheck = 1150;
				LastUpgradeCheck = 1150;
				ORGANIZATIONNAME = AliDarawsha;
				TargetAttributes = {
					37B52B6A24D1D3C90073ECEC = {
						CreatedOnToolsVersion = 11.5;
					};
				};
			};
			buildConfigurationList = 37B52B6624D1D3C90073ECEC /* Build configuration list for PBXProject "PizzaFinderChallenge" */;
			compatibilityVersion = "Xcode 9.3";
			developmentRegion = en;
			hasScannedForEncodings = 0;
			knownRegions = (
				en,
				Base,
			);
			mainGroup = 37B52B6224D1D3C90073ECEC;
			productRefGroup = 37B52B6C24D1D3C90073ECEC /* Products */;
			projectDirPath = "";
			projectRoot = "";
			targets = (
				37B52B6A24D1D3C90073ECEC /* PizzaFinderChallenge */,
			);
		};
/* End PBXProject section */

/* Begin PBXResourcesBuildPhase section */
		37B52B6924D1D3C90073ECEC /* Resources */ = {
			isa = PBXResourcesBuildPhase;
			buildActionMask = 2147483647;
			files = (
				37B52B7B24D1D3CB0073ECEC /* LaunchScreen.storyboard in Resources */,
				37B52B7824D1D3CB0073ECEC /* Assets.xcassets in Resources */,
				37B52B7624D1D3C90073ECEC /* Main.storyboard in Resources */,
			);
			runOnlyForDeploymentPostprocessing = 0;
		};
/* End PBXResourcesBuildPhase section */

/* Begin PBXSourcesBuildPhase section */
		37B52B6724D1D3C90073ECEC /* Sources */ = {
			isa = PBXSourcesBuildPhase;
			buildActionMask = 2147483647;
			files = (
				37B52B7324D1D3C90073ECEC /* ViewController.swift in Sources */,
				37B52B6F24D1D3C90073ECEC /* AppDelegate.swift in Sources */,
				37B52B7124D1D3C90073ECEC /* SceneDelegate.swift in Sources */,
			);
			runOnlyForDeploymentPostprocessing = 0;
		};
/* End PBXSourcesBuildPhase section */

/* Begin PBXVariantGroup section */
		37B52B7424D1D3C90073ECEC /* Main.storyboard */ = {
			isa = PBXVariantGroup;
			children = (
				37B52B7524D1D3C90073ECEC /* Base */,
			);
			name = Main.storyboard;
			sourceTree = "<group>";
		};
		37B52B7924D1D3CB0073ECEC /* LaunchScreen.storyboard */ = {
			isa = PBXVariantGroup;
			children = (
				37B52B7A24D1D3CB0073ECEC /* Base */,
			);
			name = LaunchScreen.storyboard;
			sourceTree = "<group>";
		};
/* End PBXVariantGroup section */

/* Begin XCBuildConfiguration section */
		37B52B7D24D1D3CB0073ECEC /* Debug */ = {
			isa = XCBuildConfiguration;
			buildSettings = {
				ALWAYS_SEARCH_USER_PATHS = NO;
				CLANG_ANALYZER_NONNULL = YES;
				CLANG_ANALYZER_NUMBER_OBJECT_CONVERSION = YES_AGGRESSIVE;
				CLANG_CXX_LANGUAGE_STANDARD = "gnu++14";
				CLANG_CXX_LIBRARY = "libc++";
				CLANG_ENABLE_MODULES = YES;
				CLANG_ENABLE_OBJC_ARC = YES;
				CLANG_ENABLE_OBJC_WEAK = YES;
				CLANG_WARN_BLOCK_CAPTURE_AUTORELEASING = YES;
				CLANG_WARN_BOOL_CONVERSION = YES;
				CLANG_WARN_COMMA = YES;
				CLANG_WARN_CONSTANT_CONVERSION = YES;
				CLANG_WARN_DEPRECATED_OBJC_IMPLEMENTATIONS = YES;
				CLANG_WARN_DIRECT_OBJC_ISA_USAGE = YES_ERROR;
				CLANG_WARN_DOCUMENTATION_COMMENTS = YES;
				CLANG_WARN_EMPTY_BODY = YES;
				CLANG_WARN_ENUM_CONVERSION = YES;
				CLANG_WARN_INFINITE_RECURSION = YES;
				CLANG_WARN_INT_CONVERSION = YES;
				CLANG_WARN_NON_LITERAL_NULL_CONVERSION = YES;
				CLANG_WARN_OBJC_IMPLICIT_RETAIN_SELF = YES;
				CLANG_WARN_OBJC_LITERAL_CONVERSION = YES;
				CLANG_WARN_OBJC_ROOT_CLASS = YES_ERROR;
				CLANG_WARN_RANGE_LOOP_ANALYSIS = YES;
				CLANG_WARN_STRICT_PROTOTYPES = YES;
				CLANG_WARN_SUSPICIOUS_MOVE = YES;
				CLANG_WARN_UNGUARDED_AVAILABILITY = YES_AGGRESSIVE;
				CLANG_WARN_UNREACHABLE_CODE = YES;
				CLANG_WARN__DUPLICATE_METHOD_MATCH = YES;
				COPY_PHASE_STRIP = NO;
				DEBUG_INFORMATION_FORMAT = dwarf;
				ENABLE_STRICT_OBJC_MSGSEND = YES;
				ENABLE_TESTABILITY = YES;
				GCC_C_LANGUAGE_STANDARD = gnu11;
				GCC_DYNAMIC_NO_PIC = NO;
				GCC_NO_COMMON_BLOCKS = YES;
				GCC_OPTIMIZATION_LEVEL = 0;
				GCC_PREPROCESSOR_DEFINITIONS = (
					"DEBUG=1",
					"$(inherited)",
				);
				GCC_WARN_64_TO_32_BIT_CONVERSION = YES;
				GCC_WARN_ABOUT_RETURN_TYPE = YES_ERROR;
				GCC_WARN_UNDECLARED_SELECTOR = YES;
				GCC_WARN_UNINITIALIZED_AUTOS = YES_AGGRESSIVE;
				GCC_WARN_UNUSED_FUNCTION = YES;
				GCC_WARN_UNUSED_VARIABLE = YES;
				IPHONEOS_DEPLOYMENT_TARGET = 13.5;
				MTL_ENABLE_DEBUG_INFO = INCLUDE_SOURCE;
				MTL_FAST_MATH = YES;
				ONLY_ACTIVE_ARCH = YES;
				SDKROOT = iphoneos;
				SWIFT_ACTIVE_COMPILATION_CONDITIONS = DEBUG;
				SWIFT_OPTIMIZATION_LEVEL = "-Onone";
			};
			name = Debug;
		};
		37B52B7E24D1D3CB0073ECEC /* Release */ = {
			isa = XCBuildConfiguration;
			buildSettings = {
				ALWAYS_SEARCH_USER_PATHS = NO;
				CLANG_ANALYZER_NONNULL = YES;
				CLANG_ANALYZER_NUMBER_OBJECT_CONVERSION = YES_AGGRESSIVE;
				CLANG_CXX_LANGUAGE_STANDARD = "gnu++14";
				CLANG_CXX_LIBRARY = "libc++";
				CLANG_ENABLE_MODULES = YES;
				CLANG_ENABLE_OBJC_ARC = YES;
				CLANG_ENABLE_OBJC_WEAK = YES;
				CLANG_WARN_BLOCK_CAPTURE_AUTORELEASING = YES;
				CLANG_WARN_BOOL_CONVERSION = YES;
				CLANG_WARN_COMMA = YES;
				CLANG_WARN_CONSTANT_CONVERSION = YES;
				CLANG_WARN_DEPRECATED_OBJC_IMPLEMENTATIONS = YES;
				CLANG_WARN_DIRECT_OBJC_ISA_USAGE = YES_ERROR;
				CLANG_WARN_DOCUMENTATION_COMMENTS = YES;
				CLANG_WARN_EMPTY_BODY = YES;
				CLANG_WARN_ENUM_CONVERSION = YES;
				CLANG_WARN_INFINITE_RECURSION = YES;
				CLANG_WARN_INT_CONVERSION = YES;
				CLANG_WARN_NON_LITERAL_NULL_CONVERSION = YES;
				CLANG_WARN_OBJC_IMPLICIT_RETAIN_SELF = YES;
				CLANG_WARN_OBJC_LITERAL_CONVERSION = YES;
				CLANG_WARN_OBJC_ROOT_CLASS = YES_ERROR;
				CLANG_WARN_RANGE_LOOP_ANALYSIS = YES;
				CLANG_WARN_STRICT_PROTOTYPES = YES;
				CLANG_WARN_SUSPICIOUS_MOVE = YES;
				CLANG_WARN_UNGUARDED_AVAILABILITY = YES_AGGRESSIVE;
				CLANG_WARN_UNREACHABLE_CODE = YES;
				CLANG_WARN__DUPLICATE_METHOD_MATCH = YES;
				COPY_PHASE_STRIP = NO;
				DEBUG_INFORMATION_FORMAT = "dwarf-with-dsym";
				ENABLE_NS_ASSERTIONS = NO;
				ENABLE_STRICT_OBJC_MSGSEND = YES;
				GCC_C_LANGUAGE_STANDARD = gnu11;
				GCC_NO_COMMON_BLOCKS = YES;
				GCC_WARN_64_TO_32_BIT_CONVERSION = YES;
				GCC_WARN_ABOUT_RETURN_TYPE = YES_ERROR;
				GCC_WARN_UNDECLARED_SELECTOR = YES;
				GCC_WARN_UNINITIALIZED_AUTOS = YES_AGGRESSIVE;
				GCC_WARN_UNUSED_FUNCTION = YES;
				GCC_WARN_UNUSED_VARIABLE = YES;
				IPHONEOS_DEPLOYMENT_TARGET = 13.5;
				MTL_ENABLE_DEBUG_INFO = NO;
				MTL_FAST_MATH = YES;
				SDKROOT = iphoneos;
				SWIFT_COMPILATION_MODE = wholemodule;
				SWIFT_OPTIMIZATION_LEVEL = "-O";
				VALIDATE_PRODUCT = YES;
			};
			name = Release;
		};
		37B52B8024D1D3CB0073ECEC /* Debug */ = {
			isa = XCBuildConfiguration;
			buildSettings = {
				ASSETCATALOG_COMPILER_APPICON_NAME = AppIcon;
				CODE_SIGN_STYLE = Automatic;
				INFOPLIST_FILE = PizzaFinderChallenge/Info.plist;
				LD_RUNPATH_SEARCH_PATHS = (
					"$(inherited)",
					"@executable_path/Frameworks",
				);
				PRODUCT_BUNDLE_IDENTIFIER = com.OneSummer2020.PizzaFinderChallenge;
				PRODUCT_NAME = "$(TARGET_NAME)";
				SWIFT_VERSION = 5.0;
				TARGETED_DEVICE_FAMILY = "1,2";
			};
			name = Debug;
		};
		37B52B8124D1D3CB0073ECEC /* Release */ = {
			isa = XCBuildConfiguration;
			buildSettings = {
				ASSETCATALOG_COMPILER_APPICON_NAME = AppIcon;
				CODE_SIGN_STYLE = Automatic;
				INFOPLIST_FILE = PizzaFinderChallenge/Info.plist;
				LD_RUNPATH_SEARCH_PATHS = (
					"$(inherited)",
					"@executable_path/Frameworks",
				);
				PRODUCT_BUNDLE_IDENTIFIER = com.OneSummer2020.PizzaFinderChallenge;
				PRODUCT_NAME = "$(TARGET_NAME)";
				SWIFT_VERSION = 5.0;
				TARGETED_DEVICE_FAMILY = "1,2";
			};
			name = Release;
		};
/* End XCBuildConfiguration section */

/* Begin XCConfigurationList section */
		37B52B6624D1D3C90073ECEC /* Build configuration list for PBXProject "PizzaFinderChallenge" */ = {
			isa = XCConfigurationList;
			buildConfigurations = (
				37B52B7D24D1D3CB0073ECEC /* Debug */,
				37B52B7E24D1D3CB0073ECEC /* Release */,
			);
			defaultConfigurationIsVisible = 0;
			defaultConfigurationName = Release;
		};
		37B52B7F24D1D3CB0073ECEC /* Build configuration list for PBXNativeTarget "PizzaFinderChallenge" */ = {
			isa = XCConfigurationList;
			buildConfigurations = (
				37B52B8024D1D3CB0073ECEC /* Debug */,
				37B52B8124D1D3CB0073ECEC /* Release */,
			);
			defaultConfigurationIsVisible = 0;
			defaultConfigurationName = Release;
		};
/* End XCConfigurationList section */
	};
	rootObject = 37B52B6324D1D3C90073ECEC /* Project object */;
}
